{
  "version": 4,
  "terraform_version": "0.12.26",
  "serial": 14,
  "lineage": "e3d44614-cc67-7abb-85c2-14f6e437d86c",
  "outputs": {},
  "resources": [
    {
      "mode": "managed",
      "type": "aws_instance",
      "name": "api_server",
      "provider": "provider.aws",
      "instances": [
        {
          "schema_version": 1,
          "attributes": {
            "ami": "ami-03818140b4ac9ae2b",
            "arn": "arn:aws:ec2:eu-central-1:443448338218:instance/i-0c39ca3e63cef7967",
            "associate_public_ip_address": true,
            "availability_zone": "eu-central-1a",
            "cpu_core_count": 1,
            "cpu_threads_per_core": 1,
            "credit_specification": [
              {
                "cpu_credits": "standard"
              }
            ],
            "disable_api_termination": false,
            "ebs_block_device": [],
            "ebs_optimized": false,
            "ephemeral_block_device": [],
            "get_password_data": false,
            "hibernation": false,
            "host_id": null,
            "iam_instance_profile": "",
            "id": "i-0c39ca3e63cef7967",
            "instance_initiated_shutdown_behavior": null,
            "instance_state": "running",
            "instance_type": "t2.micro",
            "ipv6_address_count": 0,
            "ipv6_addresses": [],
            "key_name": "api-server-key",
            "metadata_options": [
              {
                "http_endpoint": "enabled",
                "http_put_response_hop_limit": 1,
                "http_tokens": "optional"
              }
            ],
            "monitoring": false,
            "network_interface": [],
            "network_interface_id": null,
            "outpost_arn": "",
            "password_data": "",
            "placement_group": "",
            "primary_network_interface_id": "eni-06b477e52fa6d00a5",
            "private_dns": "ip-10-1-1-51.eu-central-1.compute.internal",
            "private_ip": "10.1.1.51",
            "public_dns": "ec2-54-93-64-62.eu-central-1.compute.amazonaws.com",
            "public_ip": "54.93.64.62",
            "root_block_device": [
              {
                "delete_on_termination": true,
                "device_name": "/dev/sda1",
                "encrypted": false,
                "iops": 100,
                "kms_key_id": "",
                "volume_id": "vol-0d745db2cecdd3e78",
                "volume_size": 8,
                "volume_type": "gp2"
              }
            ],
            "security_groups": [],
            "source_dest_check": true,
            "subnet_id": "subnet-0d63449d9243f9bff",
            "tags": null,
            "tenancy": "default",
            "timeouts": null,
            "user_data": null,
            "user_data_base64": null,
            "volume_tags": {},
            "vpc_security_group_ids": [
              "sg-0fd3aee7c6e724bec"
            ]
          },
          "private": "eyJlMmJmYjczMC1lY2FhLTExZTYtOGY4OC0zNDM2M2JjN2M0YzAiOnsiY3JlYXRlIjo2MDAwMDAwMDAwMDAsImRlbGV0ZSI6MTIwMDAwMDAwMDAwMCwidXBkYXRlIjo2MDAwMDAwMDAwMDB9LCJzY2hlbWFfdmVyc2lvbiI6IjEifQ==",
          "dependencies": [
            "aws_key_pair.api_server_key"
          ]
        }
      ]
    },
    {
      "mode": "managed",
      "type": "aws_key_pair",
      "name": "api_server_key",
      "provider": "provider.aws",
      "instances": [
        {
          "schema_version": 1,
          "attributes": {
            "fingerprint": "c9:4f:f0:fa:5e:7f:d9:90:a4:9b:fd:23:57:eb:64:6c",
            "id": "api-server-key",
            "key_name": "api-server-key",
            "key_name_prefix": null,
            "key_pair_id": "key-0387c885478dca34f",
            "public_key": "ssh-rsa AAAAB3NzaC1yc2EAAAADAQABAAABAQC/y20VjbLB2um4pQ5vfAJNFYMEGh6DIwrKbdAIkghzxG6bbhR54ApBnUrtnK+rHBZ0NQ+yHAwh5wcmEwuhBw2vi9hSDIbN9MuW+DAaam/a1Xq9dJ/2P7p3gNwFCMxUGJpfg997Fjdqt2V6l/hvVEZ8YE/gTGWgieQXH36QDGdpOcZYvtYx4C6FJQtEZrYPDwl1KIub8wi7oeNBTl2slYYJAc45YrIvUvt06rtIrThQriw+vzIKS5IecQZA67AzDXZNCcCQ6IuGc17BU0Q5WP6Vbjmbq8/ucgZ0p4qwnMRj3WJaXras5BEWlpw4jeN+/dpxetniX40PvrXbHfTvKgi7 jerzylasyk@Jerzys-MacBook-Pro.local",
            "tags": {}
          },
          "private": "eyJzY2hlbWFfdmVyc2lvbiI6IjEifQ=="
        }
      ]
    }
  ]
}
