{
  "version": 4,
  "terraform_version": "0.12.26",
  "serial": 12,
  "lineage": "e3d44614-cc67-7abb-85c2-14f6e437d86c",
  "outputs": {},
  "resources": [
    {
      "mode": "managed",
      "type": "aws_key_pair",
      "name": "api_server_key",
      "provider": "provider.aws",
      "instances": [
        {
          "schema_version": 1,
          "attributes": {
            "fingerprint": "c9:4f:f0:fa:5e:7f:d9:90:a4:9b:fd:23:57:eb:64:6c",
            "id": "api-server-key",
            "key_name": "api-server-key",
            "key_name_prefix": null,
            "key_pair_id": "key-0387c885478dca34f",
            "public_key": "ssh-rsa AAAAB3NzaC1yc2EAAAADAQABAAABAQC/y20VjbLB2um4pQ5vfAJNFYMEGh6DIwrKbdAIkghzxG6bbhR54ApBnUrtnK+rHBZ0NQ+yHAwh5wcmEwuhBw2vi9hSDIbN9MuW+DAaam/a1Xq9dJ/2P7p3gNwFCMxUGJpfg997Fjdqt2V6l/hvVEZ8YE/gTGWgieQXH36QDGdpOcZYvtYx4C6FJQtEZrYPDwl1KIub8wi7oeNBTl2slYYJAc45YrIvUvt06rtIrThQriw+vzIKS5IecQZA67AzDXZNCcCQ6IuGc17BU0Q5WP6Vbjmbq8/ucgZ0p4qwnMRj3WJaXras5BEWlpw4jeN+/dpxetniX40PvrXbHfTvKgi7 jerzylasyk@Jerzys-MacBook-Pro.local",
            "tags": {}
          },
          "private": "eyJzY2hlbWFfdmVyc2lvbiI6IjEifQ=="
        }
      ]
    }
  ]
}
